
Microsoft Visual Studio Solution File, Format Version 12.00
# Visual Studio 15
VisualStudioVersion = 15.0.27703.2035
MinimumVisualStudioVersion = 10.0.40219.1
Project("{9A19103F-16F7-4668-BE54-9A1E7A4F7556}") = "AquariumMonitor.Models", "Models\AquariumMonitor.Models.csproj", "{9CB76987-874B-4BB3-86F2-0985A40CD04B}"
EndProject
Project("{9A19103F-16F7-4668-BE54-9A1E7A4F7556}") = "AquariumMonitor.Models.Tests", "Models.Tests\AquariumMonitor.Models.Tests.csproj", "{41C1B375-0A28-40DF-9C00-9636C211CF47}"
EndProject
Project("{9A19103F-16F7-4668-BE54-9A1E7A4F7556}") = "AquariumMonitor.DAL", "DAL\AquariumMonitor.DAL.csproj", "{B327BCE6-1F60-4833-88A0-C1CBB9F294A6}"
EndProject
Project("{9A19103F-16F7-4668-BE54-9A1E7A4F7556}") = "AquariumMonitor.DAL.Tests", "DAL.Tests\AquariumMonitor.DAL.Tests.csproj", "{5A255CFD-844E-4A2F-AA49-B63608F7C07C}"
EndProject
Project("{9A19103F-16F7-4668-BE54-9A1E7A4F7556}") = "AquariumMonitor.BusinessLogic", "BusinessLogic\AquariumMonitor.BusinessLogic.csproj", "{385A6C18-4D90-440B-B4DF-D39A83F342FB}"
EndProject
Project("{9A19103F-16F7-4668-BE54-9A1E7A4F7556}") = "AquariumMonitor.Pwned", "Pwned\AquariumMonitor.Pwned.csproj", "{1802746A-CDF1-4209-8F42-0A6C0C47B69F}"
EndProject
Project("{9A19103F-16F7-4668-BE54-9A1E7A4F7556}") = "AquariumMonitor.BusinessLogic.Tests", "BusinessLogic.Tests\AquariumMonitor.BusinessLogic.Tests.csproj", "{890CA5C5-2A7D-4261-AD5D-E32E7185B36F}"
EndProject
Project("{9A19103F-16F7-4668-BE54-9A1E7A4F7556}") = "AquariumMonitor.API", "AquariumMonitorAPI\AquariumMonitor.API.csproj", "{A4E59B50-93B3-4775-83C8-CBB5B72F95FE}"
EndProject
Project("{9A19103F-16F7-4668-BE54-9A1E7A4F7556}") = "AquariumMonitor.API.Tests", "AquariumMonitor.API.Tests\AquariumMonitor.API.Tests.csproj", "{7E9C1232-33DE-4DEF-B88E-12BE329B6870}"
EndProject
Global
	GlobalSection(SolutionConfigurationPlatforms) = preSolution
		Debug|Any CPU = Debug|Any CPU
		Release|Any CPU = Release|Any CPU
	EndGlobalSection
	GlobalSection(ProjectConfigurationPlatforms) = postSolution
		{9CB76987-874B-4BB3-86F2-0985A40CD04B}.Debug|Any CPU.ActiveCfg = Debug|Any CPU
		{9CB76987-874B-4BB3-86F2-0985A40CD04B}.Debug|Any CPU.Build.0 = Debug|Any CPU
		{9CB76987-874B-4BB3-86F2-0985A40CD04B}.Release|Any CPU.ActiveCfg = Release|Any CPU
		{9CB76987-874B-4BB3-86F2-0985A40CD04B}.Release|Any CPU.Build.0 = Release|Any CPU
		{41C1B375-0A28-40DF-9C00-9636C211CF47}.Debug|Any CPU.ActiveCfg = Debug|Any CPU
		{41C1B375-0A28-40DF-9C00-9636C211CF47}.Debug|Any CPU.Build.0 = Debug|Any CPU
		{41C1B375-0A28-40DF-9C00-9636C211CF47}.Release|Any CPU.ActiveCfg = Release|Any CPU
		{41C1B375-0A28-40DF-9C00-9636C211CF47}.Release|Any CPU.Build.0 = Release|Any CPU
		{B327BCE6-1F60-4833-88A0-C1CBB9F294A6}.Debug|Any CPU.ActiveCfg = Debug|Any CPU
		{B327BCE6-1F60-4833-88A0-C1CBB9F294A6}.Debug|Any CPU.Build.0 = Debug|Any CPU
		{B327BCE6-1F60-4833-88A0-C1CBB9F294A6}.Release|Any CPU.ActiveCfg = Release|Any CPU
		{B327BCE6-1F60-4833-88A0-C1CBB9F294A6}.Release|Any CPU.Build.0 = Release|Any CPU
		{5A255CFD-844E-4A2F-AA49-B63608F7C07C}.Debug|Any CPU.ActiveCfg = Debug|Any CPU
		{5A255CFD-844E-4A2F-AA49-B63608F7C07C}.Debug|Any CPU.Build.0 = Debug|Any CPU
		{5A255CFD-844E-4A2F-AA49-B63608F7C07C}.Release|Any CPU.ActiveCfg = Release|Any CPU
		{5A255CFD-844E-4A2F-AA49-B63608F7C07C}.Release|Any CPU.Build.0 = Release|Any CPU
		{385A6C18-4D90-440B-B4DF-D39A83F342FB}.Debug|Any CPU.ActiveCfg = Debug|Any CPU
		{385A6C18-4D90-440B-B4DF-D39A83F342FB}.Debug|Any CPU.Build.0 = Debug|Any CPU
		{385A6C18-4D90-440B-B4DF-D39A83F342FB}.Release|Any CPU.ActiveCfg = Release|Any CPU
		{385A6C18-4D90-440B-B4DF-D39A83F342FB}.Release|Any CPU.Build.0 = Release|Any CPU
		{1802746A-CDF1-4209-8F42-0A6C0C47B69F}.Debug|Any CPU.ActiveCfg = Debug|Any CPU
		{1802746A-CDF1-4209-8F42-0A6C0C47B69F}.Debug|Any CPU.Build.0 = Debug|Any CPU
		{1802746A-CDF1-4209-8F42-0A6C0C47B69F}.Release|Any CPU.ActiveCfg = Release|Any CPU
		{1802746A-CDF1-4209-8F42-0A6C0C47B69F}.Release|Any CPU.Build.0 = Release|Any CPU
		{890CA5C5-2A7D-4261-AD5D-E32E7185B36F}.Debug|Any CPU.ActiveCfg = Debug|Any CPU
		{890CA5C5-2A7D-4261-AD5D-E32E7185B36F}.Debug|Any CPU.Build.0 = Debug|Any CPU
		{890CA5C5-2A7D-4261-AD5D-E32E7185B36F}.Release|Any CPU.ActiveCfg = Release|Any CPU
		{890CA5C5-2A7D-4261-AD5D-E32E7185B36F}.Release|Any CPU.Build.0 = Release|Any CPU
		{A4E59B50-93B3-4775-83C8-CBB5B72F95FE}.Debug|Any CPU.ActiveCfg = Debug|Any CPU
		{A4E59B50-93B3-4775-83C8-CBB5B72F95FE}.Debug|Any CPU.Build.0 = Debug|Any CPU
		{A4E59B50-93B3-4775-83C8-CBB5B72F95FE}.Release|Any CPU.ActiveCfg = Release|Any CPU
		{A4E59B50-93B3-4775-83C8-CBB5B72F95FE}.Release|Any CPU.Build.0 = Release|Any CPU
		{7E9C1232-33DE-4DEF-B88E-12BE329B6870}.Debug|Any CPU.ActiveCfg = Debug|Any CPU
		{7E9C1232-33DE-4DEF-B88E-12BE329B6870}.Debug|Any CPU.Build.0 = Debug|Any CPU
		{7E9C1232-33DE-4DEF-B88E-12BE329B6870}.Release|Any CPU.ActiveCfg = Release|Any CPU
		{7E9C1232-33DE-4DEF-B88E-12BE329B6870}.Release|Any CPU.Build.0 = Release|Any CPU
	EndGlobalSection
	GlobalSection(SolutionProperties) = preSolution
		HideSolutionNode = FALSE
	EndGlobalSection
	GlobalSection(ExtensibilityGlobals) = postSolution
		SolutionGuid = {F953FE87-D0CB-49A0-BC8F-394B2804F623}
	EndGlobalSection
EndGlobal
